
Microsoft Visual Studio Solution File, Format Version 12.00
# Visual Studio Version 16
VisualStudioVersion = 16.0.31624.102
MinimumVisualStudioVersion = 10.0.40219.1
Project("{FAE04EC0-301F-11D3-BF4B-00C04F79EFBC}") = "EjercicioASP2", "EjercicioASP2\EjercicioASP2.csproj", "{807A9409-EB5D-4574-8488-8B0006AD725A}"
EndProject
Global
	GlobalSection(SolutionConfigurationPlatforms) = preSolution
		Debug|Any CPU = Debug|Any CPU
		Release|Any CPU = Release|Any CPU
	EndGlobalSection
	GlobalSection(ProjectConfigurationPlatforms) = postSolution
		{807A9409-EB5D-4574-8488-8B0006AD725A}.Debug|Any CPU.ActiveCfg = Debug|Any CPU
		{807A9409-EB5D-4574-8488-8B0006AD725A}.Debug|Any CPU.Build.0 = Debug|Any CPU
		{807A9409-EB5D-4574-8488-8B0006AD725A}.Release|Any CPU.ActiveCfg = Release|Any CPU
		{807A9409-EB5D-4574-8488-8B0006AD725A}.Release|Any CPU.Build.0 = Release|Any CPU
	EndGlobalSection
	GlobalSection(SolutionProperties) = preSolution
		HideSolutionNode = FALSE
	EndGlobalSection
	GlobalSection(ExtensibilityGlobals) = postSolution
		SolutionGuid = {4A0856A6-D664-4279-BD9A-4BBB0A505A6B}
	EndGlobalSection
EndGlobal
